// !$*UTF8*$!
{
	archiveVersion = 1;
	classes = {
	};
	objectVersion = 46;
	objects = {

/* Begin PBXBuildFile section */
		11003DC01BFC52D400F553C8 /* AlbumListTableViewCell.m in Sources */ = {isa = PBXBuildFile; fileRef = 11003DBE1BFC52D400F553C8 /* AlbumListTableViewCell.m */; };
		11003DC11BFC52D400F553C8 /* AlbumListTableViewCell.xib in Resources */ = {isa = PBXBuildFile; fileRef = 11003DBF1BFC52D400F553C8 /* AlbumListTableViewCell.xib */; };
		11003DC51BFC53FC00F553C8 /* AlbumViewController.m in Sources */ = {isa = PBXBuildFile; fileRef = 11003DC41BFC53FC00F553C8 /* AlbumViewController.m */; };
		11003DC71BFC547000F553C8 /* Album_List.plist in Resources */ = {isa = PBXBuildFile; fileRef = 11003DC61BFC547000F553C8 /* Album_List.plist */; };
		11003DCB1BFC5AA900F553C8 /* Album.m in Sources */ = {isa = PBXBuildFile; fileRef = 11003DCA1BFC5AA900F553C8 /* Album.m */; };
		11003DD01BFC5C1700F553C8 /* downward_spiral.JPG in Resources */ = {isa = PBXBuildFile; fileRef = 11003DCD1BFC5C1700F553C8 /* downward_spiral.JPG */; };
		11003DD21BFC5C1700F553C8 /* ZiggyStardust.jpg in Resources */ = {isa = PBXBuildFile; fileRef = 11003DCF1BFC5C1700F553C8 /* ZiggyStardust.jpg */; };
		11003DD41BFC696D00F553C8 /* smellsLikeChildren.jpg in Resources */ = {isa = PBXBuildFile; fileRef = 11003DD31BFC696D00F553C8 /* smellsLikeChildren.jpg */; };
		11EF359F1BFF145500A82DB2 /* DataController.m in Sources */ = {isa = PBXBuildFile; fileRef = 11EF359E1BFF145500A82DB2 /* DataController.m */; };
		11EF35A21BFF2CA200A82DB2 /* AddAlbumViewController.m in Sources */ = {isa = PBXBuildFile; fileRef = 11EF35A11BFF2CA200A82DB2 /* AddAlbumViewController.m */; };
		11FB216F1BFC488400D4EFC2 /* main.m in Sources */ = {isa = PBXBuildFile; fileRef = 11FB216E1BFC488400D4EFC2 /* main.m */; };
		11FB21721BFC488400D4EFC2 /* AppDelegate.m in Sources */ = {isa = PBXBuildFile; fileRef = 11FB21711BFC488400D4EFC2 /* AppDelegate.m */; };
		11FB21751BFC488400D4EFC2 /* ViewController.m in Sources */ = {isa = PBXBuildFile; fileRef = 11FB21741BFC488400D4EFC2 /* ViewController.m */; };
		11FB21781BFC488400D4EFC2 /* Main.storyboard in Resources */ = {isa = PBXBuildFile; fileRef = 11FB21761BFC488400D4EFC2 /* Main.storyboard */; };
		11FB217A1BFC488400D4EFC2 /* Images.xcassets in Resources */ = {isa = PBXBuildFile; fileRef = 11FB21791BFC488400D4EFC2 /* Images.xcassets */; };
		11FB217D1BFC488400D4EFC2 /* LaunchScreen.xib in Resources */ = {isa = PBXBuildFile; fileRef = 11FB217B1BFC488400D4EFC2 /* LaunchScreen.xib */; };
		11FB21891BFC488400D4EFC2 /* ListlTests.m in Sources */ = {isa = PBXBuildFile; fileRef = 11FB21881BFC488400D4EFC2 /* ListlTests.m */; };
/* End PBXBuildFile section */

/* Begin PBXContainerItemProxy section */
		11FB21831BFC488400D4EFC2 /* PBXContainerItemProxy */ = {
			isa = PBXContainerItemProxy;
			containerPortal = 11FB21611BFC488400D4EFC2 /* Project object */;
			proxyType = 1;
			remoteGlobalIDString = 11FB21681BFC488400D4EFC2;
			remoteInfo = Listl;
		};
/* End PBXContainerItemProxy section */

/* Begin PBXFileReference section */
		11003DBD1BFC52D400F553C8 /* AlbumListTableViewCell.h */ = {isa = PBXFileReference; fileEncoding = 4; lastKnownFileType = sourcecode.c.h; path = AlbumListTableViewCell.h; sourceTree = "<group>"; };
		11003DBE1BFC52D400F553C8 /* AlbumListTableViewCell.m */ = {isa = PBXFileReference; fileEncoding = 4; lastKnownFileType = sourcecode.c.objc; path = AlbumListTableViewCell.m; sourceTree = "<group>"; };
		11003DBF1BFC52D400F553C8 /* AlbumListTableViewCell.xib */ = {isa = PBXFileReference; fileEncoding = 4; lastKnownFileType = file.xib; path = AlbumListTableViewCell.xib; sourceTree = "<group>"; };
		11003DC31BFC53FC00F553C8 /* AlbumViewController.h */ = {isa = PBXFileReference; fileEncoding = 4; lastKnownFileType = sourcecode.c.h; path = AlbumViewController.h; sourceTree = "<group>"; };
		11003DC41BFC53FC00F553C8 /* AlbumViewController.m */ = {isa = PBXFileReference; fileEncoding = 4; lastKnownFileType = sourcecode.c.objc; path = AlbumViewController.m; sourceTree = "<group>"; };
		11003DC61BFC547000F553C8 /* Album_List.plist */ = {isa = PBXFileReference; fileEncoding = 4; lastKnownFileType = text.plist.xml; path = Album_List.plist; sourceTree = "<group>"; };
		11003DC91BFC5AA900F553C8 /* Album.h */ = {isa = PBXFileReference; fileEncoding = 4; lastKnownFileType = sourcecode.c.h; path = Album.h; sourceTree = "<group>"; };
		11003DCA1BFC5AA900F553C8 /* Album.m */ = {isa = PBXFileReference; fileEncoding = 4; lastKnownFileType = sourcecode.c.objc; path = Album.m; sourceTree = "<group>"; };
		11003DCD1BFC5C1700F553C8 /* downward_spiral.JPG */ = {isa = PBXFileReference; lastKnownFileType = image.jpeg; path = downward_spiral.JPG; sourceTree = "<group>"; };
		11003DCF1BFC5C1700F553C8 /* ZiggyStardust.jpg */ = {isa = PBXFileReference; lastKnownFileType = image.jpeg; path = ZiggyStardust.jpg; sourceTree = "<group>"; };
		11003DD31BFC696D00F553C8 /* smellsLikeChildren.jpg */ = {isa = PBXFileReference; lastKnownFileType = image.jpeg; path = smellsLikeChildren.jpg; sourceTree = "<group>"; };
		11EF359D1BFF145500A82DB2 /* DataController.h */ = {isa = PBXFileReference; fileEncoding = 4; lastKnownFileType = sourcecode.c.h; path = DataController.h; sourceTree = "<group>"; };
		11EF359E1BFF145500A82DB2 /* DataController.m */ = {isa = PBXFileReference; fileEncoding = 4; lastKnownFileType = sourcecode.c.objc; path = DataController.m; sourceTree = "<group>"; };
		11EF35A01BFF2CA200A82DB2 /* AddAlbumViewController.h */ = {isa = PBXFileReference; fileEncoding = 4; lastKnownFileType = sourcecode.c.h; path = AddAlbumViewController.h; sourceTree = "<group>"; };
		11EF35A11BFF2CA200A82DB2 /* AddAlbumViewController.m */ = {isa = PBXFileReference; fileEncoding = 4; lastKnownFileType = sourcecode.c.objc; path = AddAlbumViewController.m; sourceTree = "<group>"; };
		11FB21691BFC488400D4EFC2 /* The LP Archive.app */ = {isa = PBXFileReference; explicitFileType = wrapper.application; includeInIndex = 0; path = "The LP Archive.app"; sourceTree = BUILT_PRODUCTS_DIR; };
		11FB216D1BFC488400D4EFC2 /* Info.plist */ = {isa = PBXFileReference; lastKnownFileType = text.plist.xml; path = Info.plist; sourceTree = "<group>"; };
		11FB216E1BFC488400D4EFC2 /* main.m */ = {isa = PBXFileReference; lastKnownFileType = sourcecode.c.objc; path = main.m; sourceTree = "<group>"; };
		11FB21701BFC488400D4EFC2 /* AppDelegate.h */ = {isa = PBXFileReference; lastKnownFileType = sourcecode.c.h; path = AppDelegate.h; sourceTree = "<group>"; };
		11FB21711BFC488400D4EFC2 /* AppDelegate.m */ = {isa = PBXFileReference; lastKnownFileType = sourcecode.c.objc; path = AppDelegate.m; sourceTree = "<group>"; };
		11FB21731BFC488400D4EFC2 /* ViewController.h */ = {isa = PBXFileReference; lastKnownFileType = sourcecode.c.h; path = ViewController.h; sourceTree = "<group>"; };
		11FB21741BFC488400D4EFC2 /* ViewController.m */ = {isa = PBXFileReference; lastKnownFileType = sourcecode.c.objc; path = ViewController.m; sourceTree = "<group>"; };
		11FB21771BFC488400D4EFC2 /* Base */ = {isa = PBXFileReference; lastKnownFileType = file.storyboard; name = Base; path = Base.lproj/Main.storyboard; sourceTree = "<group>"; };
		11FB21791BFC488400D4EFC2 /* Images.xcassets */ = {isa = PBXFileReference; lastKnownFileType = folder.assetcatalog; path = Images.xcassets; sourceTree = "<group>"; };
		11FB217C1BFC488400D4EFC2 /* Base */ = {isa = PBXFileReference; lastKnownFileType = file.xib; name = Base; path = Base.lproj/LaunchScreen.xib; sourceTree = "<group>"; };
		11FB21821BFC488400D4EFC2 /* The LP ArchiveTests.xctest */ = {isa = PBXFileReference; explicitFileType = wrapper.cfbundle; includeInIndex = 0; path = "The LP ArchiveTests.xctest"; sourceTree = BUILT_PRODUCTS_DIR; };
		11FB21871BFC488400D4EFC2 /* Info.plist */ = {isa = PBXFileReference; lastKnownFileType = text.plist.xml; path = Info.plist; sourceTree = "<group>"; };
		11FB21881BFC488400D4EFC2 /* ListlTests.m */ = {isa = PBXFileReference; lastKnownFileType = sourcecode.c.objc; path = ListlTests.m; sourceTree = "<group>"; };
/* End PBXFileReference section */

/* Begin PBXFrameworksBuildPhase section */
		11FB21661BFC488400D4EFC2 /* Frameworks */ = {
			isa = PBXFrameworksBuildPhase;
			buildActionMask = 2147483647;
			files = (
			);
			runOnlyForDeploymentPostprocessing = 0;
		};
		11FB217F1BFC488400D4EFC2 /* Frameworks */ = {
			isa = PBXFrameworksBuildPhase;
			buildActionMask = 2147483647;
			files = (
			);
			runOnlyForDeploymentPostprocessing = 0;
		};
/* End PBXFrameworksBuildPhase section */

/* Begin PBXGroup section */
		11003DBC1BFC52A800F553C8 /* UI Files */ = {
			isa = PBXGroup;
			children = (
				11FB21761BFC488400D4EFC2 /* Main.storyboard */,
				11FB217B1BFC488400D4EFC2 /* LaunchScreen.xib */,
				11003DBF1BFC52D400F553C8 /* AlbumListTableViewCell.xib */,
				11003DBD1BFC52D400F553C8 /* AlbumListTableViewCell.h */,
				11003DBE1BFC52D400F553C8 /* AlbumListTableViewCell.m */,
			);
			name = "UI Files";
			sourceTree = "<group>";
		};
		11003DC21BFC53DB00F553C8 /* View Controllers */ = {
			isa = PBXGroup;
			children = (
				11FB21731BFC488400D4EFC2 /* ViewController.h */,
				11FB21741BFC488400D4EFC2 /* ViewController.m */,
				11003DC31BFC53FC00F553C8 /* AlbumViewController.h */,
				11003DC41BFC53FC00F553C8 /* AlbumViewController.m */,
				11EF35A01BFF2CA200A82DB2 /* AddAlbumViewController.h */,
				11EF35A11BFF2CA200A82DB2 /* AddAlbumViewController.m */,
			);
			name = "View Controllers";
			sourceTree = "<group>";
		};
		11003DC81BFC5A9400F553C8 /* Data Model */ = {
			isa = PBXGroup;
			children = (
				11003DC91BFC5AA900F553C8 /* Album.h */,
				11003DCA1BFC5AA900F553C8 /* Album.m */,
			);
			name = "Data Model";
			sourceTree = "<group>";
		};
		11003DCC1BFC5BC400F553C8 /* Album Art */ = {
			isa = PBXGroup;
			children = (
				11003DD31BFC696D00F553C8 /* smellsLikeChildren.jpg */,
				11003DCD1BFC5C1700F553C8 /* downward_spiral.JPG */,
				11003DCF1BFC5C1700F553C8 /* ZiggyStardust.jpg */,
			);
			name = "Album Art";
			sourceTree = "<group>";
		};
		11EF359C1BFF143F00A82DB2 /* Data Controllers */ = {
			isa = PBXGroup;
			children = (
				11EF359D1BFF145500A82DB2 /* DataController.h */,
				11EF359E1BFF145500A82DB2 /* DataController.m */,
			);
			name = "Data Controllers";
			sourceTree = "<group>";
		};
		11FB21601BFC488400D4EFC2 = {
			isa = PBXGroup;
			children = (
				11FB216B1BFC488400D4EFC2 /* Listl */,
				11FB21851BFC488400D4EFC2 /* ListlTests */,
				11FB216A1BFC488400D4EFC2 /* Products */,
			);
			sourceTree = "<group>";
		};
		11FB216A1BFC488400D4EFC2 /* Products */ = {
			isa = PBXGroup;
			children = (
				11FB21691BFC488400D4EFC2 /* The LP Archive.app */,
				11FB21821BFC488400D4EFC2 /* The LP ArchiveTests.xctest */,
			);
			name = Products;
			sourceTree = "<group>";
		};
		11FB216B1BFC488400D4EFC2 /* Listl */ = {
			isa = PBXGroup;
			children = (
				11EF359C1BFF143F00A82DB2 /* Data Controllers */,
				11003DCC1BFC5BC400F553C8 /* Album Art */,
				11003DC81BFC5A9400F553C8 /* Data Model */,
				11003DC21BFC53DB00F553C8 /* View Controllers */,
				11003DBC1BFC52A800F553C8 /* UI Files */,
				11FB21701BFC488400D4EFC2 /* AppDelegate.h */,
				11FB21711BFC488400D4EFC2 /* AppDelegate.m */,
				11FB21791BFC488400D4EFC2 /* Images.xcassets */,
				11FB216C1BFC488400D4EFC2 /* Supporting Files */,
			);
			path = Listl;
			sourceTree = "<group>";
		};
		11FB216C1BFC488400D4EFC2 /* Supporting Files */ = {
			isa = PBXGroup;
			children = (
				11FB216D1BFC488400D4EFC2 /* Info.plist */,
				11FB216E1BFC488400D4EFC2 /* main.m */,
				11003DC61BFC547000F553C8 /* Album_List.plist */,
			);
			name = "Supporting Files";
			sourceTree = "<group>";
		};
		11FB21851BFC488400D4EFC2 /* ListlTests */ = {
			isa = PBXGroup;
			children = (
				11FB21881BFC488400D4EFC2 /* ListlTests.m */,
				11FB21861BFC488400D4EFC2 /* Supporting Files */,
			);
			path = ListlTests;
			sourceTree = "<group>";
		};
		11FB21861BFC488400D4EFC2 /* Supporting Files */ = {
			isa = PBXGroup;
			children = (
				11FB21871BFC488400D4EFC2 /* Info.plist */,
			);
			name = "Supporting Files";
			sourceTree = "<group>";
		};
/* End PBXGroup section */

/* Begin PBXNativeTarget section */
		11FB21681BFC488400D4EFC2 /* The LP Archive */ = {
			isa = PBXNativeTarget;
			buildConfigurationList = 11FB218C1BFC488400D4EFC2 /* Build configuration list for PBXNativeTarget "The LP Archive" */;
			buildPhases = (
				11FB21651BFC488400D4EFC2 /* Sources */,
				11FB21661BFC488400D4EFC2 /* Frameworks */,
				11FB21671BFC488400D4EFC2 /* Resources */,
			);
			buildRules = (
			);
			dependencies = (
			);
			name = "The LP Archive";
			productName = Listl;
			productReference = 11FB21691BFC488400D4EFC2 /* The LP Archive.app */;
			productType = "com.apple.product-type.application";
		};
		11FB21811BFC488400D4EFC2 /* The LP ArchiveTests */ = {
			isa = PBXNativeTarget;
			buildConfigurationList = 11FB218F1BFC488400D4EFC2 /* Build configuration list for PBXNativeTarget "The LP ArchiveTests" */;
			buildPhases = (
				11FB217E1BFC488400D4EFC2 /* Sources */,
				11FB217F1BFC488400D4EFC2 /* Frameworks */,
				11FB21801BFC488400D4EFC2 /* Resources */,
			);
			buildRules = (
			);
			dependencies = (
				11FB21841BFC488400D4EFC2 /* PBXTargetDependency */,
			);
			name = "The LP ArchiveTests";
			productName = ListlTests;
			productReference = 11FB21821BFC488400D4EFC2 /* The LP ArchiveTests.xctest */;
			productType = "com.apple.product-type.bundle.unit-test";
		};
/* End PBXNativeTarget section */

/* Begin PBXProject section */
		11FB21611BFC488400D4EFC2 /* Project object */ = {
			isa = PBXProject;
			attributes = {
				LastUpgradeCheck = 0720;
				ORGANIZATIONNAME = sourcebits;
				TargetAttributes = {
					11FB21681BFC488400D4EFC2 = {
						CreatedOnToolsVersion = 6.4;
					};
					11FB21811BFC488400D4EFC2 = {
						CreatedOnToolsVersion = 6.4;
						TestTargetID = 11FB21681BFC488400D4EFC2;
					};
				};
			};
			buildConfigurationList = 11FB21641BFC488400D4EFC2 /* Build configuration list for PBXProject "The LP Archive" */;
			compatibilityVersion = "Xcode 3.2";
			developmentRegion = English;
			hasScannedForEncodings = 0;
			knownRegions = (
				en,
				Base,
			);
			mainGroup = 11FB21601BFC488400D4EFC2;
			productRefGroup = 11FB216A1BFC488400D4EFC2 /* Products */;
			projectDirPath = "";
			projectRoot = "";
			targets = (
				11FB21681BFC488400D4EFC2 /* The LP Archive */,
				11FB21811BFC488400D4EFC2 /* The LP ArchiveTests */,
			);
		};
/* End PBXProject section */

/* Begin PBXResourcesBuildPhase section */
		11FB21671BFC488400D4EFC2 /* Resources */ = {
			isa = PBXResourcesBuildPhase;
			buildActionMask = 2147483647;
			files = (
				11FB21781BFC488400D4EFC2 /* Main.storyboard in Resources */,
				11003DC11BFC52D400F553C8 /* AlbumListTableViewCell.xib in Resources */,
				11003DD41BFC696D00F553C8 /* smellsLikeChildren.jpg in Resources */,
				11FB217D1BFC488400D4EFC2 /* LaunchScreen.xib in Resources */,
				11003DD01BFC5C1700F553C8 /* downward_spiral.JPG in Resources */,
				11003DD21BFC5C1700F553C8 /* ZiggyStardust.jpg in Resources */,
				11003DC71BFC547000F553C8 /* Album_List.plist in Resources */,
				11FB217A1BFC488400D4EFC2 /* Images.xcassets in Resources */,
			);
			runOnlyForDeploymentPostprocessing = 0;
		};
		11FB21801BFC488400D4EFC2 /* Resources */ = {
			isa = PBXResourcesBuildPhase;
			buildActionMask = 2147483647;
			files = (
			);
			runOnlyForDeploymentPostprocessing = 0;
		};
/* End PBXResourcesBuildPhase section */

/* Begin PBXSourcesBuildPhase section */
		11FB21651BFC488400D4EFC2 /* Sources */ = {
			isa = PBXSourcesBuildPhase;
			buildActionMask = 2147483647;
			files = (
				11FB21751BFC488400D4EFC2 /* ViewController.m in Sources */,
				11003DC51BFC53FC00F553C8 /* AlbumViewController.m in Sources */,
				11003DC01BFC52D400F553C8 /* AlbumListTableViewCell.m in Sources */,
				11003DCB1BFC5AA900F553C8 /* Album.m in Sources */,
				11EF35A21BFF2CA200A82DB2 /* AddAlbumViewController.m in Sources */,
				11EF359F1BFF145500A82DB2 /* DataController.m in Sources */,
				11FB21721BFC488400D4EFC2 /* AppDelegate.m in Sources */,
				11FB216F1BFC488400D4EFC2 /* main.m in Sources */,
			);
			runOnlyForDeploymentPostprocessing = 0;
		};
		11FB217E1BFC488400D4EFC2 /* Sources */ = {
			isa = PBXSourcesBuildPhase;
			buildActionMask = 2147483647;
			files = (
				11FB21891BFC488400D4EFC2 /* ListlTests.m in Sources */,
			);
			runOnlyForDeploymentPostprocessing = 0;
		};
/* End PBXSourcesBuildPhase section */

/* Begin PBXTargetDependency section */
		11FB21841BFC488400D4EFC2 /* PBXTargetDependency */ = {
			isa = PBXTargetDependency;
			target = 11FB21681BFC488400D4EFC2 /* The LP Archive */;
			targetProxy = 11FB21831BFC488400D4EFC2 /* PBXContainerItemProxy */;
		};
/* End PBXTargetDependency section */

/* Begin PBXVariantGroup section */
		11FB21761BFC488400D4EFC2 /* Main.storyboard */ = {
			isa = PBXVariantGroup;
			children = (
				11FB21771BFC488400D4EFC2 /* Base */,
			);
			name = Main.storyboard;
			sourceTree = "<group>";
		};
		11FB217B1BFC488400D4EFC2 /* LaunchScreen.xib */ = {
			isa = PBXVariantGroup;
			children = (
				11FB217C1BFC488400D4EFC2 /* Base */,
			);
			name = LaunchScreen.xib;
			sourceTree = "<group>";
		};
/* End PBXVariantGroup section */

/* Begin XCBuildConfiguration section */
		11FB218A1BFC488400D4EFC2 /* Debug */ = {
			isa = XCBuildConfiguration;
			buildSettings = {
				ALWAYS_SEARCH_USER_PATHS = NO;
				CLANG_CXX_LANGUAGE_STANDARD = "gnu++0x";
				CLANG_CXX_LIBRARY = "libc++";
				CLANG_ENABLE_MODULES = YES;
				CLANG_ENABLE_OBJC_ARC = YES;
				CLANG_WARN_BOOL_CONVERSION = YES;
				CLANG_WARN_CONSTANT_CONVERSION = YES;
				CLANG_WARN_DIRECT_OBJC_ISA_USAGE = YES_ERROR;
				CLANG_WARN_EMPTY_BODY = YES;
				CLANG_WARN_ENUM_CONVERSION = YES;
				CLANG_WARN_INT_CONVERSION = YES;
				CLANG_WARN_OBJC_ROOT_CLASS = YES_ERROR;
				CLANG_WARN_UNREACHABLE_CODE = YES;
				CLANG_WARN__DUPLICATE_METHOD_MATCH = YES;
				"CODE_SIGN_IDENTITY[sdk=iphoneos*]" = "iPhone Developer";
				COPY_PHASE_STRIP = NO;
				DEBUG_INFORMATION_FORMAT = "dwarf-with-dsym";
				ENABLE_STRICT_OBJC_MSGSEND = YES;
				ENABLE_TESTABILITY = YES;
				GCC_C_LANGUAGE_STANDARD = gnu99;
				GCC_DYNAMIC_NO_PIC = NO;
				GCC_NO_COMMON_BLOCKS = YES;
				GCC_OPTIMIZATION_LEVEL = 0;
				GCC_PREPROCESSOR_DEFINITIONS = (
					"DEBUG=1",
					"$(inherited)",
				);
				GCC_SYMBOLS_PRIVATE_EXTERN = NO;
				GCC_WARN_64_TO_32_BIT_CONVERSION = YES;
				GCC_WARN_ABOUT_RETURN_TYPE = YES_ERROR;
				GCC_WARN_UNDECLARED_SELECTOR = YES;
				GCC_WARN_UNINITIALIZED_AUTOS = YES_AGGRESSIVE;
				GCC_WARN_UNUSED_FUNCTION = YES;
				GCC_WARN_UNUSED_VARIABLE = YES;
				IPHONEOS_DEPLOYMENT_TARGET = 8.4;
				MTL_ENABLE_DEBUG_INFO = YES;
				ONLY_ACTIVE_ARCH = YES;
				SDKROOT = iphoneos;
			};
			name = Debug;
		};
		11FB218B1BFC488400D4EFC2 /* Release */ = {
			isa = XCBuildConfiguration;
			buildSettings = {
				ALWAYS_SEARCH_USER_PATHS = NO;
				CLANG_CXX_LANGUAGE_STANDARD = "gnu++0x";
				CLANG_CXX_LIBRARY = "libc++";
				CLANG_ENABLE_MODULES = YES;
				CLANG_ENABLE_OBJC_ARC = YES;
				CLANG_WARN_BOOL_CONVERSION = YES;
				CLANG_WARN_CONSTANT_CONVERSION = YES;
				CLANG_WARN_DIRECT_OBJC_ISA_USAGE = YES_ERROR;
				CLANG_WARN_EMPTY_BODY = YES;
				CLANG_WARN_ENUM_CONVERSION = YES;
				CLANG_WARN_INT_CONVERSION = YES;
				CLANG_WARN_OBJC_ROOT_CLASS = YES_ERROR;
				CLANG_WARN_UNREACHABLE_CODE = YES;
				CLANG_WARN__DUPLICATE_METHOD_MATCH = YES;
				"CODE_SIGN_IDENTITY[sdk=iphoneos*]" = "iPhone Developer";
				COPY_PHASE_STRIP = NO;
				DEBUG_INFORMATION_FORMAT = "dwarf-with-dsym";
				ENABLE_NS_ASSERTIONS = NO;
				ENABLE_STRICT_OBJC_MSGSEND = YES;
				GCC_C_LANGUAGE_STANDARD = gnu99;
				GCC_NO_COMMON_BLOCKS = YES;
				GCC_WARN_64_TO_32_BIT_CONVERSION = YES;
				GCC_WARN_ABOUT_RETURN_TYPE = YES_ERROR;
				GCC_WARN_UNDECLARED_SELECTOR = YES;
				GCC_WARN_UNINITIALIZED_AUTOS = YES_AGGRESSIVE;
				GCC_WARN_UNUSED_FUNCTION = YES;
				GCC_WARN_UNUSED_VARIABLE = YES;
				IPHONEOS_DEPLOYMENT_TARGET = 8.4;
				MTL_ENABLE_DEBUG_INFO = NO;
				SDKROOT = iphoneos;
				VALIDATE_PRODUCT = YES;
			};
			name = Release;
		};
		11FB218D1BFC488400D4EFC2 /* Debug */ = {
			isa = XCBuildConfiguration;
			buildSettings = {
				ASSETCATALOG_COMPILER_APPICON_NAME = AppIcon;
				INFOPLIST_FILE = Listl/Info.plist;
				LD_RUNPATH_SEARCH_PATHS = "$(inherited) @executable_path/Frameworks";
				PRODUCT_BUNDLE_IDENTIFIER = "com.sourcebits.$(PRODUCT_NAME:rfc1034identifier)";
				PRODUCT_NAME = "The LP Archive";
			};
			name = Debug;
		};
		11FB218E1BFC488400D4EFC2 /* Release */ = {
			isa = XCBuildConfiguration;
			buildSettings = {
				ASSETCATALOG_COMPILER_APPICON_NAME = AppIcon;
				INFOPLIST_FILE = Listl/Info.plist;
				LD_RUNPATH_SEARCH_PATHS = "$(inherited) @executable_path/Frameworks";
				PRODUCT_BUNDLE_IDENTIFIER = "com.sourcebits.$(PRODUCT_NAME:rfc1034identifier)";
				PRODUCT_NAME = "The LP Archive";
			};
			name = Release;
		};
		11FB21901BFC488400D4EFC2 /* Debug */ = {
			isa = XCBuildConfiguration;
			buildSettings = {
				BUNDLE_LOADER = "$(TEST_HOST)";
				FRAMEWORK_SEARCH_PATHS = (
					"$(SDKROOT)/Developer/Library/Frameworks",
					"$(inherited)",
				);
				GCC_PREPROCESSOR_DEFINITIONS = (
					"DEBUG=1",
					"$(inherited)",
				);
				INFOPLIST_FILE = ListlTests/Info.plist;
				LD_RUNPATH_SEARCH_PATHS = "$(inherited) @executable_path/Frameworks @loader_path/Frameworks";
				PRODUCT_BUNDLE_IDENTIFIER = "com.sourcebits.$(PRODUCT_NAME:rfc1034identifier)";
				PRODUCT_NAME = "The LP ArchiveTests";
				TEST_HOST = "$(BUILT_PRODUCTS_DIR)/Listl.app/Listl";
			};
			name = Debug;
		};
		11FB21911BFC488400D4EFC2 /* Release */ = {
			isa = XCBuildConfiguration;
			buildSettings = {
				BUNDLE_LOADER = "$(TEST_HOST)";
				FRAMEWORK_SEARCH_PATHS = (
					"$(SDKROOT)/Developer/Library/Frameworks",
					"$(inherited)",
				);
				INFOPLIST_FILE = ListlTests/Info.plist;
				LD_RUNPATH_SEARCH_PATHS = "$(inherited) @executable_path/Frameworks @loader_path/Frameworks";
				PRODUCT_BUNDLE_IDENTIFIER = "com.sourcebits.$(PRODUCT_NAME:rfc1034identifier)";
				PRODUCT_NAME = "The LP ArchiveTests";
				TEST_HOST = "$(BUILT_PRODUCTS_DIR)/Listl.app/Listl";
			};
			name = Release;
		};
/* End XCBuildConfiguration section */

/* Begin XCConfigurationList section */
		11FB21641BFC488400D4EFC2 /* Build configuration list for PBXProject "The LP Archive" */ = {
			isa = XCConfigurationList;
			buildConfigurations = (
				11FB218A1BFC488400D4EFC2 /* Debug */,
				11FB218B1BFC488400D4EFC2 /* Release */,
			);
			defaultConfigurationIsVisible = 0;
			defaultConfigurationName = Release;
		};
		11FB218C1BFC488400D4EFC2 /* Build configuration list for PBXNativeTarget "The LP Archive" */ = {
			isa = XCConfigurationList;
			buildConfigurations = (
				11FB218D1BFC488400D4EFC2 /* Debug */,
				11FB218E1BFC488400D4EFC2 /* Release */,
			);
			defaultConfigurationIsVisible = 0;
			defaultConfigurationName = Release;
		};
		11FB218F1BFC488400D4EFC2 /* Build configuration list for PBXNativeTarget "The LP ArchiveTests" */ = {
			isa = XCConfigurationList;
			buildConfigurations = (
				11FB21901BFC488400D4EFC2 /* Debug */,
				11FB21911BFC488400D4EFC2 /* Release */,
			);
			defaultConfigurationIsVisible = 0;
			defaultConfigurationName = Release;
		};
/* End XCConfigurationList section */
	};
	rootObject = 11FB21611BFC488400D4EFC2 /* Project object */;
}
